
Microsoft Visual Studio Solution File, Format Version 12.00
# Visual Studio Version 16
VisualStudioVersion = 16.0.30711.63
MinimumVisualStudioVersion = 10.0.40219.1
Project("{FAE04EC0-301F-11D3-BF4B-00C04F79EFBC}") = "MView", "MView\MView.csproj", "{55AC4D1B-16D7-49C6-8BDF-5241EEE93329}"
EndProject
Global
	GlobalSection(SolutionConfigurationPlatforms) = preSolution
		Debug|Any CPU = Debug|Any CPU
		Release|Any CPU = Release|Any CPU
	EndGlobalSection
	GlobalSection(ProjectConfigurationPlatforms) = postSolution
		{55AC4D1B-16D7-49C6-8BDF-5241EEE93329}.Debug|Any CPU.ActiveCfg = Debug|Any CPU
		{55AC4D1B-16D7-49C6-8BDF-5241EEE93329}.Debug|Any CPU.Build.0 = Debug|Any CPU
		{55AC4D1B-16D7-49C6-8BDF-5241EEE93329}.Release|Any CPU.ActiveCfg = Release|Any CPU
		{55AC4D1B-16D7-49C6-8BDF-5241EEE93329}.Release|Any CPU.Build.0 = Release|Any CPU
	EndGlobalSection
	GlobalSection(SolutionProperties) = preSolution
		HideSolutionNode = FALSE
	EndGlobalSection
	GlobalSection(ExtensibilityGlobals) = postSolution
		SolutionGuid = {E6C97442-3E28-4333-A6DF-75FE6C4AD7EA}
	EndGlobalSection
EndGlobal
