
Microsoft Visual Studio Solution File, Format Version 12.00
# Visual Studio Version 16
VisualStudioVersion = 16.0.30717.126
MinimumVisualStudioVersion = 10.0.40219.1
Project("{9A19103F-16F7-4668-BE54-9A1E7A4F7556}") = "MView", "MView\MView.csproj", "{BF3B9AC1-D4EB-405C-8BB5-755D27A5C3C1}"
	ProjectSection(ProjectDependencies) = postProject
		{D63169F9-E644-4908-BDF6-F7EA42FE97FF} = {D63169F9-E644-4908-BDF6-F7EA42FE97FF}
	EndProjectSection
EndProject
Project("{9A19103F-16F7-4668-BE54-9A1E7A4F7556}") = "MView.Core", "MView.Core\MView.Core.csproj", "{D63169F9-E644-4908-BDF6-F7EA42FE97FF}"
	ProjectSection(ProjectDependencies) = postProject
		{6C83E87B-EC16-4159-96B9-B0E30BCFD926} = {6C83E87B-EC16-4159-96B9-B0E30BCFD926}
	EndProjectSection
EndProject
Project("{FAE04EC0-301F-11D3-BF4B-00C04F79EFBC}") = "MView.Plugin", "MView.Plugin\MView.Plugin.csproj", "{6C83E87B-EC16-4159-96B9-B0E30BCFD926}"
EndProject
Global
	GlobalSection(SolutionConfigurationPlatforms) = preSolution
		Debug|Any CPU = Debug|Any CPU
		Debug|x64 = Debug|x64
		Debug|x86 = Debug|x86
		Release|Any CPU = Release|Any CPU
		Release|x64 = Release|x64
		Release|x86 = Release|x86
		Release-x86|Any CPU = Release-x86|Any CPU
		Release-x86|x64 = Release-x86|x64
		Release-x86|x86 = Release-x86|x86
	EndGlobalSection
	GlobalSection(ProjectConfigurationPlatforms) = postSolution
		{BF3B9AC1-D4EB-405C-8BB5-755D27A5C3C1}.Debug|Any CPU.ActiveCfg = Debug|Any CPU
		{BF3B9AC1-D4EB-405C-8BB5-755D27A5C3C1}.Debug|Any CPU.Build.0 = Debug|Any CPU
		{BF3B9AC1-D4EB-405C-8BB5-755D27A5C3C1}.Debug|x64.ActiveCfg = Debug|x64
		{BF3B9AC1-D4EB-405C-8BB5-755D27A5C3C1}.Debug|x64.Build.0 = Debug|x64
		{BF3B9AC1-D4EB-405C-8BB5-755D27A5C3C1}.Debug|x86.ActiveCfg = Debug|Any CPU
		{BF3B9AC1-D4EB-405C-8BB5-755D27A5C3C1}.Debug|x86.Build.0 = Debug|Any CPU
		{BF3B9AC1-D4EB-405C-8BB5-755D27A5C3C1}.Release|Any CPU.ActiveCfg = Release|Any CPU
		{BF3B9AC1-D4EB-405C-8BB5-755D27A5C3C1}.Release|Any CPU.Build.0 = Release|Any CPU
		{BF3B9AC1-D4EB-405C-8BB5-755D27A5C3C1}.Release|x64.ActiveCfg = Release|x64
		{BF3B9AC1-D4EB-405C-8BB5-755D27A5C3C1}.Release|x64.Build.0 = Release|x64
		{BF3B9AC1-D4EB-405C-8BB5-755D27A5C3C1}.Release|x86.ActiveCfg = Release|x86
		{BF3B9AC1-D4EB-405C-8BB5-755D27A5C3C1}.Release|x86.Build.0 = Release|x86
		{BF3B9AC1-D4EB-405C-8BB5-755D27A5C3C1}.Release-x86|Any CPU.ActiveCfg = Release|Any CPU
		{BF3B9AC1-D4EB-405C-8BB5-755D27A5C3C1}.Release-x86|Any CPU.Build.0 = Release|Any CPU
		{BF3B9AC1-D4EB-405C-8BB5-755D27A5C3C1}.Release-x86|x64.ActiveCfg = Release|x64
		{BF3B9AC1-D4EB-405C-8BB5-755D27A5C3C1}.Release-x86|x86.ActiveCfg = Release|x86
		{D63169F9-E644-4908-BDF6-F7EA42FE97FF}.Debug|Any CPU.ActiveCfg = Debug|Any CPU
		{D63169F9-E644-4908-BDF6-F7EA42FE97FF}.Debug|Any CPU.Build.0 = Debug|Any CPU
		{D63169F9-E644-4908-BDF6-F7EA42FE97FF}.Debug|x64.ActiveCfg = Debug|x64
		{D63169F9-E644-4908-BDF6-F7EA42FE97FF}.Debug|x64.Build.0 = Debug|x64
		{D63169F9-E644-4908-BDF6-F7EA42FE97FF}.Debug|x86.ActiveCfg = Debug|Any CPU
		{D63169F9-E644-4908-BDF6-F7EA42FE97FF}.Debug|x86.Build.0 = Debug|Any CPU
		{D63169F9-E644-4908-BDF6-F7EA42FE97FF}.Release|Any CPU.ActiveCfg = Release|Any CPU
		{D63169F9-E644-4908-BDF6-F7EA42FE97FF}.Release|Any CPU.Build.0 = Release|Any CPU
		{D63169F9-E644-4908-BDF6-F7EA42FE97FF}.Release|x64.ActiveCfg = Release|x64
		{D63169F9-E644-4908-BDF6-F7EA42FE97FF}.Release|x64.Build.0 = Release|x64
		{D63169F9-E644-4908-BDF6-F7EA42FE97FF}.Release|x86.ActiveCfg = Release|x86
		{D63169F9-E644-4908-BDF6-F7EA42FE97FF}.Release|x86.Build.0 = Release|x86
		{D63169F9-E644-4908-BDF6-F7EA42FE97FF}.Release-x86|Any CPU.ActiveCfg = Release|Any CPU
		{D63169F9-E644-4908-BDF6-F7EA42FE97FF}.Release-x86|Any CPU.Build.0 = Release|Any CPU
		{D63169F9-E644-4908-BDF6-F7EA42FE97FF}.Release-x86|x64.ActiveCfg = Release|x64
		{D63169F9-E644-4908-BDF6-F7EA42FE97FF}.Release-x86|x64.Build.0 = Release|x64
		{D63169F9-E644-4908-BDF6-F7EA42FE97FF}.Release-x86|x86.ActiveCfg = Release|x86
		{D63169F9-E644-4908-BDF6-F7EA42FE97FF}.Release-x86|x86.Build.0 = Release|x86
		{6C83E87B-EC16-4159-96B9-B0E30BCFD926}.Debug|Any CPU.ActiveCfg = Debug|Any CPU
		{6C83E87B-EC16-4159-96B9-B0E30BCFD926}.Debug|Any CPU.Build.0 = Debug|Any CPU
		{6C83E87B-EC16-4159-96B9-B0E30BCFD926}.Debug|x64.ActiveCfg = Debug|Any CPU
		{6C83E87B-EC16-4159-96B9-B0E30BCFD926}.Debug|x64.Build.0 = Debug|Any CPU
		{6C83E87B-EC16-4159-96B9-B0E30BCFD926}.Debug|x86.ActiveCfg = Debug|Any CPU
		{6C83E87B-EC16-4159-96B9-B0E30BCFD926}.Debug|x86.Build.0 = Debug|Any CPU
		{6C83E87B-EC16-4159-96B9-B0E30BCFD926}.Release|Any CPU.ActiveCfg = Release|Any CPU
		{6C83E87B-EC16-4159-96B9-B0E30BCFD926}.Release|Any CPU.Build.0 = Release|Any CPU
		{6C83E87B-EC16-4159-96B9-B0E30BCFD926}.Release|x64.ActiveCfg = Release|Any CPU
		{6C83E87B-EC16-4159-96B9-B0E30BCFD926}.Release|x64.Build.0 = Release|Any CPU
		{6C83E87B-EC16-4159-96B9-B0E30BCFD926}.Release|x86.ActiveCfg = Release|Any CPU
		{6C83E87B-EC16-4159-96B9-B0E30BCFD926}.Release|x86.Build.0 = Release|Any CPU
		{6C83E87B-EC16-4159-96B9-B0E30BCFD926}.Release-x86|Any CPU.ActiveCfg = Release|Any CPU
		{6C83E87B-EC16-4159-96B9-B0E30BCFD926}.Release-x86|Any CPU.Build.0 = Release|Any CPU
		{6C83E87B-EC16-4159-96B9-B0E30BCFD926}.Release-x86|x64.ActiveCfg = Release|Any CPU
		{6C83E87B-EC16-4159-96B9-B0E30BCFD926}.Release-x86|x64.Build.0 = Release|Any CPU
		{6C83E87B-EC16-4159-96B9-B0E30BCFD926}.Release-x86|x86.ActiveCfg = Release|Any CPU
		{6C83E87B-EC16-4159-96B9-B0E30BCFD926}.Release-x86|x86.Build.0 = Release|Any CPU
	EndGlobalSection
	GlobalSection(SolutionProperties) = preSolution
		HideSolutionNode = FALSE
	EndGlobalSection
	GlobalSection(ExtensibilityGlobals) = postSolution
		SolutionGuid = {302376F6-139E-4FDF-AA53-5141661D0705}
	EndGlobalSection
EndGlobal
