
Microsoft Visual Studio Solution File, Format Version 12.00
# Visual Studio Version 17
VisualStudioVersion = 17.1.32421.90
MinimumVisualStudioVersion = 10.0.40219.1
Project("{FAE04EC0-301F-11D3-BF4B-00C04F79EFBC}") = "MView", "MView\MView.csproj", "{90C291EA-F889-4956-ADEF-D031002DA038}"
EndProject
Global
	GlobalSection(SolutionConfigurationPlatforms) = preSolution
		Debug|Any CPU = Debug|Any CPU
		Release|Any CPU = Release|Any CPU
	EndGlobalSection
	GlobalSection(ProjectConfigurationPlatforms) = postSolution
		{90C291EA-F889-4956-ADEF-D031002DA038}.Debug|Any CPU.ActiveCfg = Debug|Any CPU
		{90C291EA-F889-4956-ADEF-D031002DA038}.Debug|Any CPU.Build.0 = Debug|Any CPU
		{90C291EA-F889-4956-ADEF-D031002DA038}.Release|Any CPU.ActiveCfg = Release|Any CPU
		{90C291EA-F889-4956-ADEF-D031002DA038}.Release|Any CPU.Build.0 = Release|Any CPU
	EndGlobalSection
	GlobalSection(SolutionProperties) = preSolution
		HideSolutionNode = FALSE
	EndGlobalSection
	GlobalSection(ExtensibilityGlobals) = postSolution
		SolutionGuid = {58636197-B318-46B7-9FE0-CACF14DA1A23}
	EndGlobalSection
EndGlobal
